
Microsoft Visual Studio Solution File, Format Version 12.00
# Visual Studio 15
VisualStudioVersion = 15.0.28307.1684
MinimumVisualStudioVersion = 10.0.40219.1
Project("{8BC9CEB8-8B4A-11D0-8D11-00A0C91BC942}") = "List", "List\List.vcxproj", "{BBF5FB7A-4F7A-4FF3-8038-F14D84E84859}"
EndProject
Global
	GlobalSection(SolutionConfigurationPlatforms) = preSolution
		Debug|x64 = Debug|x64
		Debug|x86 = Debug|x86
		Release|x64 = Release|x64
		Release|x86 = Release|x86
	EndGlobalSection
	GlobalSection(ProjectConfigurationPlatforms) = postSolution
		{BBF5FB7A-4F7A-4FF3-8038-F14D84E84859}.Debug|x64.ActiveCfg = Debug|x64
		{BBF5FB7A-4F7A-4FF3-8038-F14D84E84859}.Debug|x64.Build.0 = Debug|x64
		{BBF5FB7A-4F7A-4FF3-8038-F14D84E84859}.Debug|x86.ActiveCfg = Debug|Win32
		{BBF5FB7A-4F7A-4FF3-8038-F14D84E84859}.Debug|x86.Build.0 = Debug|Win32
		{BBF5FB7A-4F7A-4FF3-8038-F14D84E84859}.Release|x64.ActiveCfg = Release|x64
		{BBF5FB7A-4F7A-4FF3-8038-F14D84E84859}.Release|x64.Build.0 = Release|x64
		{BBF5FB7A-4F7A-4FF3-8038-F14D84E84859}.Release|x86.ActiveCfg = Release|Win32
		{BBF5FB7A-4F7A-4FF3-8038-F14D84E84859}.Release|x86.Build.0 = Release|Win32
	EndGlobalSection
	GlobalSection(SolutionProperties) = preSolution
		HideSolutionNode = FALSE
	EndGlobalSection
	GlobalSection(ExtensibilityGlobals) = postSolution
		SolutionGuid = {37C7198D-6DCF-47C2-A848-3806EEB24DB5}
	EndGlobalSection
EndGlobal
